
Microsoft Visual Studio Solution File, Format Version 12.00
# Visual Studio 2013
Project("{FAE04EC0-301F-11D3-BF4B-00C04F79EFBC}") = "UnityVS.Quizzer.CSharp", "UnityVS.Quizzer.CSharp.csproj", "{F4A60B15-7A2A-3854-D99A-0F07E54D8195}"
EndProject
Global
	GlobalSection(SolutionConfigurationPlatforms) = preSolution
		Debug|Any CPU = Debug|Any CPU
		Release|Any CPU = Release|Any CPU
	EndGlobalSection
	GlobalSection(ProjectConfigurationPlatforms) = postSolution
		{F4A60B15-7A2A-3854-D99A-0F07E54D8195}.Debug|Any CPU.ActiveCfg = Debug|Any CPU
		{F4A60B15-7A2A-3854-D99A-0F07E54D8195}.Debug|Any CPU.Build.0 = Debug|Any CPU
		{F4A60B15-7A2A-3854-D99A-0F07E54D8195}.Release|Any CPU.ActiveCfg = Release|Any CPU
		{F4A60B15-7A2A-3854-D99A-0F07E54D8195}.Release|Any CPU.Build.0 = Release|Any CPU
	EndGlobalSection
	GlobalSection(SolutionProperties) = preSolution
		HideSolutionNode = FALSE
	EndGlobalSection
EndGlobal
